{
    "_readme": [
        "This file locks the dependencies of your project to a known state",
        "Read more about it at https://getcomposer.org/doc/01-basic-usage.md#installing-dependencies",
        "This file is @generated automatically"
    ],
    "content-hash": "e8727a89b72bc739a8924f461bedbe72",
    "packages": [
        {
            "name": "braspag/BraspagApiPhpSdk",
            "version": "dev-vizir-update",
            "source": {
                "type": "git",
                "url": "https://github.com/Vizir/BraspagApiPhpSdk.git",
                "reference": "f597e443eec04fa2fe26f4c08055dfbce600cca3"
            },
            "dist": {
                "type": "zip",
                "url": "https://api.github.com/repos/Vizir/BraspagApiPhpSdk/zipball/f597e443eec04fa2fe26f4c08055dfbce600cca3",
                "reference": "f597e443eec04fa2fe26f4c08055dfbce600cca3",
                "shasum": ""
            },
            "require": {
                "php": ">=5.6"
            },
            "type": "library",
            "autoload": {
                "psr-4": {
                    "Braspag\\": "src/Braspag"
                }
            },
            "license": [
                "MIT"
            ],
            "description": "Integração com a API da Braspag",
            "homepage": "https://github.com/Braspag/BraspagApiPhpSdk",
            "support": {
                "source": "https://github.com/Vizir/BraspagApiPhpSdk/tree/dev-vizir"
            },
            "time": "2017-05-22T19:44:51+00:00"
        }
    ],
    "packages-dev": [],
    "aliases": [],
    "minimum-stability": "stable",
    "stability-flags": {
        "braspag/braspagapiphpsdk": 20
    },
    "prefer-stable": false,
    "prefer-lowest": false,
    "platform": [],
    "platform-dev": []
}
